
Microsoft Visual Studio Solution File, Format Version 12.00
# Visual Studio Version 17
VisualStudioVersion = 17.0.31919.166
MinimumVisualStudioVersion = 10.0.40219.1
Project("{9A19103F-16F7-4668-BE54-9A1E7A4F7556}") = "SPA", "SPA.csproj", "{C917A0B4-257F-453F-8A70-7922A2893A2E}"
EndProject
Project("{9A19103F-16F7-4668-BE54-9A1E7A4F7556}") = "FullStackMVC.DAL", "..\FullStackMVC.DAL\FullStackMVC.DAL.csproj", "{515F84CE-3E3A-4C58-8E7E-07C3705982E1}"
EndProject
Project("{9A19103F-16F7-4668-BE54-9A1E7A4F7556}") = "FullStackMVC.BLL", "..\FullStackMVC.BLL\FullStackMVC.BLL.csproj", "{65CE3609-0ED3-474B-9F4B-7C365524EC49}"
EndProject
Global
	GlobalSection(SolutionConfigurationPlatforms) = preSolution
		Debug|Any CPU = Debug|Any CPU
		Release|Any CPU = Release|Any CPU
	EndGlobalSection
	GlobalSection(ProjectConfigurationPlatforms) = postSolution
		{C917A0B4-257F-453F-8A70-7922A2893A2E}.Debug|Any CPU.ActiveCfg = Debug|Any CPU
		{C917A0B4-257F-453F-8A70-7922A2893A2E}.Debug|Any CPU.Build.0 = Debug|Any CPU
		{C917A0B4-257F-453F-8A70-7922A2893A2E}.Release|Any CPU.ActiveCfg = Release|Any CPU
		{C917A0B4-257F-453F-8A70-7922A2893A2E}.Release|Any CPU.Build.0 = Release|Any CPU
		{515F84CE-3E3A-4C58-8E7E-07C3705982E1}.Debug|Any CPU.ActiveCfg = Debug|Any CPU
		{515F84CE-3E3A-4C58-8E7E-07C3705982E1}.Debug|Any CPU.Build.0 = Debug|Any CPU
		{515F84CE-3E3A-4C58-8E7E-07C3705982E1}.Release|Any CPU.ActiveCfg = Release|Any CPU
		{515F84CE-3E3A-4C58-8E7E-07C3705982E1}.Release|Any CPU.Build.0 = Release|Any CPU
		{65CE3609-0ED3-474B-9F4B-7C365524EC49}.Debug|Any CPU.ActiveCfg = Debug|Any CPU
		{65CE3609-0ED3-474B-9F4B-7C365524EC49}.Debug|Any CPU.Build.0 = Debug|Any CPU
		{65CE3609-0ED3-474B-9F4B-7C365524EC49}.Release|Any CPU.ActiveCfg = Release|Any CPU
		{65CE3609-0ED3-474B-9F4B-7C365524EC49}.Release|Any CPU.Build.0 = Release|Any CPU
	EndGlobalSection
	GlobalSection(SolutionProperties) = preSolution
		HideSolutionNode = FALSE
	EndGlobalSection
	GlobalSection(ExtensibilityGlobals) = postSolution
		SolutionGuid = {88755024-D5F2-43BD-8AB1-427DE59A9F1F}
	EndGlobalSection
EndGlobal
